// !$*UTF8*$!
{
	archiveVersion = 1;
	classes = {
	};
	objectVersion = 46;
	objects = {
/* Begin PBXBuildFile section */
		03BFB3FF65A34365B949A3B4 /* CDVLogger.m in Sources */ = {isa = PBXBuildFile; fileRef = B28898B0C0D34FDBB899AE8D /* CDVLogger.m */; };
		1D3623260D0F684500981E51 /* AppDelegate.m in Sources */ = {isa = PBXBuildFile; fileRef = 1D3623250D0F684500981E51 /* AppDelegate.m */; };
		1D60589B0D05DD56006BFB54 /* main.m in Sources */ = {isa = PBXBuildFile; fileRef = 29B97316FDCFA39411CA2CEA /* main.m */; };
		288765FD0DF74451002DB57D /* CoreGraphics.framework in Frameworks */ = {isa = PBXBuildFile; fileRef = 288765FC0DF74451002DB57D /* CoreGraphics.framework */; };
		2D4672C893364EB49F240F26 /* CDVNotification.bundle in Resources */ = {isa = PBXBuildFile; fileRef = D8B45FB9FA4840BDBD3A544B /* CDVNotification.bundle */; };
		2ED8ABE1686C4AA08D618355 /* CDVVibration.m in Sources */ = {isa = PBXBuildFile; fileRef = DBBFD69072894F4E8760495A /* CDVVibration.m */; };
		301BF552109A68D80062928A /* libCordova.a in Frameworks */ = {isa = PBXBuildFile; fileRef = 301BF535109A57CC0062928A /* libCordova.a */; };
		302D95F114D2391D003F00A1 /* MainViewController.m in Sources */ = {isa = PBXBuildFile; fileRef = 302D95EF14D2391D003F00A1 /* MainViewController.m */; };
		302D95F214D2391D003F00A1 /* MainViewController.xib in Resources */ = {isa = PBXBuildFile; fileRef = 302D95F014D2391D003F00A1 /* MainViewController.xib */; };
		305D5FD1115AB8F900A74A75 /* MobileCoreServices.framework in Frameworks */ = {isa = PBXBuildFile; fileRef = 305D5FD0115AB8F900A74A75 /* MobileCoreServices.framework */; };
		3088BBBD154F3926009F9C59 /* Default-Landscape@2x~ipad.png in Resources */ = {isa = PBXBuildFile; fileRef = 3088BBB7154F3926009F9C59 /* Default-Landscape@2x~ipad.png */; };
		3088BBBE154F3926009F9C59 /* Default-Landscape~ipad.png in Resources */ = {isa = PBXBuildFile; fileRef = 3088BBB8154F3926009F9C59 /* Default-Landscape~ipad.png */; };
		3088BBBF154F3926009F9C59 /* Default-Portrait@2x~ipad.png in Resources */ = {isa = PBXBuildFile; fileRef = 3088BBB9154F3926009F9C59 /* Default-Portrait@2x~ipad.png */; };
		3088BBC0154F3926009F9C59 /* Default-Portrait~ipad.png in Resources */ = {isa = PBXBuildFile; fileRef = 3088BBBA154F3926009F9C59 /* Default-Portrait~ipad.png */; };
		3088BBC1154F3926009F9C59 /* Default@2x~iphone.png in Resources */ = {isa = PBXBuildFile; fileRef = 3088BBBB154F3926009F9C59 /* Default@2x~iphone.png */; };
		3088BBC2154F3926009F9C59 /* Default~iphone.png in Resources */ = {isa = PBXBuildFile; fileRef = 3088BBBC154F3926009F9C59 /* Default~iphone.png */; };
		30B4F30019D5E07200D9F7D8 /* Default-667h.png in Resources */ = {isa = PBXBuildFile; fileRef = 30B4F2FD19D5E07200D9F7D8 /* Default-667h.png */; };
		30B4F30119D5E07200D9F7D8 /* Default-736h.png in Resources */ = {isa = PBXBuildFile; fileRef = 30B4F2FE19D5E07200D9F7D8 /* Default-736h.png */; };
		30B4F30219D5E07200D9F7D8 /* Default-Landscape-736h.png in Resources */ = {isa = PBXBuildFile; fileRef = 30B4F2FF19D5E07200D9F7D8 /* Default-Landscape-736h.png */; };
		58A7F49F6FB1447C82302457 /* CoreVideo.framework in Frameworks */ = {isa = PBXBuildFile; fileRef = 23C515FF21D242B9BCBD5E12 /* CoreVideo.framework */; };
		5B1594DD16A7569C00FEF299 /* AssetsLibrary.framework in Frameworks */ = {isa = PBXBuildFile; fileRef = 5B1594DC16A7569C00FEF299 /* AssetsLibrary.framework */; };
		5F59D3FCDAD74BCC9B640072 /* libiconv.dylib in Frameworks */ = {isa = PBXBuildFile; fileRef = 8342BFDE7A574CFDB5A4ACBD /* libiconv.dylib */; };
		6283F5039C914A138C498098 /* AVFoundation.framework in Frameworks */ = {isa = PBXBuildFile; fileRef = 675CA3B63326472A8D4B65D4 /* AVFoundation.framework */; };
		6E3237E8E7F54C10913FE4F5 /* CDVBarcodeScanner.mm in Sources */ = {isa = PBXBuildFile; fileRef = B43D6F8361B94D19A8AEB58A /* CDVBarcodeScanner.mm */; settings = {COMPILER_FLAGS = "-fno-objc-arc"; }; };
		82CC02881A6D9FA20046D6CC /* Images.xcassets in Resources */ = {isa = PBXBuildFile; fileRef = 82CC02871A6D9FA20046D6CC /* Images.xcassets */; };
		82CC028F1A6DAB960046D6CC /* LaunchScreen.xib in Resources */ = {isa = PBXBuildFile; fileRef = 82CC028E1A6DAB960046D6CC /* LaunchScreen.xib */; };
		82CC02911A6DAC040046D6CC /* Icon-40@3x.png in Resources */ = {isa = PBXBuildFile; fileRef = 82CC02901A6DAC040046D6CC /* Icon-40@3x.png */; };
		8520C4A03B7D4105B5650D04 /* CoreLocation.framework in Frameworks */ = {isa = PBXBuildFile; fileRef = 04172DF1C1314E4FAF5926CB /* CoreLocation.framework */; };
		9ABC3F69B56E42A29DF52CA3 /* scannerOverlay.xib in Resources */ = {isa = PBXBuildFile; fileRef = EDBFF0B97F3442A7ABD25686 /* scannerOverlay.xib */; };
		9B471201502F45A89E00D2A2 /* QuartzCore.framework in Frameworks */ = {isa = PBXBuildFile; fileRef = 341C05E70CE64C55BEE4825D /* QuartzCore.framework */; };
		B6E999349FEE440CBF63CCA5 /* CDVStatusBar.m in Sources */ = {isa = PBXBuildFile; fileRef = 329000B736274F2FA87F650B /* CDVStatusBar.m */; };
		CC45738B62744AA29329AC3E /* CDVNotification.m in Sources */ = {isa = PBXBuildFile; fileRef = B41CF5A7EEEC4E8FA1A5E000 /* CDVNotification.m */; };
		D38E71991EF24E97B575870B /* zxing-all-in-one.cpp in Sources */ = {isa = PBXBuildFile; fileRef = 787E18326CC344C3AD9EED4B /* zxing-all-in-one.cpp */; };
		D4A0D8761607E02300AEF8BB /* Default-568h@2x~iphone.png in Resources */ = {isa = PBXBuildFile; fileRef = D4A0D8751607E02300AEF8BB /* Default-568h@2x~iphone.png */; };
		E049B9EE32BC448D8A3A14D8 /* CDVJpegHeaderWriter.m in Sources */ = {isa = PBXBuildFile; fileRef = C93799FF2540473086A3F711 /* CDVJpegHeaderWriter.m */; };
		E138DBC350414221A35D9A91 /* AudioToolbox.framework in Frameworks */ = {isa = PBXBuildFile; fileRef = 19924E07296E46DB96769A9C /* AudioToolbox.framework */; settings = {ATTRIBUTES = (Weak, ); }; };
		EECD2195847345A5B4300F0F /* ImageIO.framework in Frameworks */ = {isa = PBXBuildFile; fileRef = ADA5D217096C4D429FF436F2 /* ImageIO.framework */; settings = {ATTRIBUTES = (Weak, ); }; };
		F29256CBC60A47C4A0B0ADAA /* CDVCamera.m in Sources */ = {isa = PBXBuildFile; fileRef = 34FE4E7927CB4365B6F5CE97 /* CDVCamera.m */; };
/* End PBXBuildFile section */

/* Begin PBXContainerItemProxy section */
		301BF534109A57CC0062928A /* PBXContainerItemProxy */ = {
			isa = PBXContainerItemProxy;
			containerPortal = 301BF52D109A57CC0062928A /* CordovaLib.xcodeproj */;
			proxyType = 2;
			remoteGlobalIDString = D2AAC07E0554694100DB518D;
			remoteInfo = CordovaLib;
		};
		301BF550109A68C00062928A /* PBXContainerItemProxy */ = {
			isa = PBXContainerItemProxy;
			containerPortal = 301BF52D109A57CC0062928A /* CordovaLib.xcodeproj */;
			proxyType = 1;
			remoteGlobalIDString = D2AAC07D0554694100DB518D;
			remoteInfo = CordovaLib;
		};
/* End PBXContainerItemProxy section */

/* Begin PBXFileReference section */
		04172DF1C1314E4FAF5926CB /* CoreLocation.framework */ = {isa = PBXFileReference; fileEncoding = 4; lastKnownFileType = wrapper.framework; name = CoreLocation.framework; path = System/Library/Frameworks/CoreLocation.framework; sourceTree = SDKROOT; };
		0C1C4A1F80C048C5B49528C7 /* CDVStatusBar.h */ = {isa = PBXFileReference; fileEncoding = 4; lastKnownFileType = sourcecode.c.h; name = CDVStatusBar.h; path = org.apache.cordova.statusbar/CDVStatusBar.h; sourceTree = "<group>"; };
		17A62D8D09154405B63D6F41 /* CDVJpegHeaderWriter.h */ = {isa = PBXFileReference; fileEncoding = 4; lastKnownFileType = sourcecode.c.h; name = CDVJpegHeaderWriter.h; path = org.apache.cordova.camera/CDVJpegHeaderWriter.h; sourceTree = "<group>"; };
		19924E07296E46DB96769A9C /* AudioToolbox.framework */ = {isa = PBXFileReference; fileEncoding = 4; lastKnownFileType = wrapper.framework; name = AudioToolbox.framework; path = System/Library/Frameworks/AudioToolbox.framework; sourceTree = SDKROOT; };
		1D3623240D0F684500981E51 /* AppDelegate.h */ = {isa = PBXFileReference; fileEncoding = 4; lastKnownFileType = sourcecode.c.h; path = AppDelegate.h; sourceTree = "<group>"; };
		1D3623250D0F684500981E51 /* AppDelegate.m */ = {isa = PBXFileReference; fileEncoding = 4; lastKnownFileType = sourcecode.c.objc; path = AppDelegate.m; sourceTree = "<group>"; };
		1D6058910D05DD3D006BFB54 /* CTi Reviews.app */ = {isa = PBXFileReference; explicitFileType = wrapper.application; includeInIndex = 0; path = "CTi Reviews.app"; sourceTree = BUILT_PRODUCTS_DIR; };
		23C515FF21D242B9BCBD5E12 /* CoreVideo.framework */ = {isa = PBXFileReference; fileEncoding = 4; lastKnownFileType = wrapper.framework; name = CoreVideo.framework; path = System/Library/Frameworks/CoreVideo.framework; sourceTree = SDKROOT; };
		288765FC0DF74451002DB57D /* CoreGraphics.framework */ = {isa = PBXFileReference; lastKnownFileType = wrapper.framework; name = CoreGraphics.framework; path = System/Library/Frameworks/CoreGraphics.framework; sourceTree = SDKROOT; };
		29B97316FDCFA39411CA2CEA /* main.m */ = {isa = PBXFileReference; fileEncoding = 4; lastKnownFileType = sourcecode.c.objc; path = main.m; sourceTree = "<group>"; };
		301BF52D109A57CC0062928A /* CordovaLib.xcodeproj */ = {isa = PBXFileReference; lastKnownFileType = "wrapper.pb-project"; name = CordovaLib.xcodeproj; path = CordovaLib/CordovaLib.xcodeproj; sourceTree = "<group>"; };
		301BF56E109A69640062928A /* www */ = {isa = PBXFileReference; lastKnownFileType = folder; path = www; sourceTree = SOURCE_ROOT; };
		302D95EE14D2391D003F00A1 /* MainViewController.h */ = {isa = PBXFileReference; fileEncoding = 4; lastKnownFileType = sourcecode.c.h; path = MainViewController.h; sourceTree = "<group>"; };
		302D95EF14D2391D003F00A1 /* MainViewController.m */ = {isa = PBXFileReference; fileEncoding = 4; lastKnownFileType = sourcecode.c.objc; path = MainViewController.m; sourceTree = "<group>"; };
		302D95F014D2391D003F00A1 /* MainViewController.xib */ = {isa = PBXFileReference; fileEncoding = 4; lastKnownFileType = file.xib; path = MainViewController.xib; sourceTree = "<group>"; };
		305D5FD0115AB8F900A74A75 /* MobileCoreServices.framework */ = {isa = PBXFileReference; lastKnownFileType = wrapper.framework; name = MobileCoreServices.framework; path = System/Library/Frameworks/MobileCoreServices.framework; sourceTree = SDKROOT; };
		3088BBB7154F3926009F9C59 /* Default-Landscape@2x~ipad.png */ = {isa = PBXFileReference; lastKnownFileType = image.png; path = "Default-Landscape@2x~ipad.png"; sourceTree = "<group>"; };
		3088BBB8154F3926009F9C59 /* Default-Landscape~ipad.png */ = {isa = PBXFileReference; lastKnownFileType = image.png; path = "Default-Landscape~ipad.png"; sourceTree = "<group>"; };
		3088BBB9154F3926009F9C59 /* Default-Portrait@2x~ipad.png */ = {isa = PBXFileReference; lastKnownFileType = image.png; path = "Default-Portrait@2x~ipad.png"; sourceTree = "<group>"; };
		3088BBBA154F3926009F9C59 /* Default-Portrait~ipad.png */ = {isa = PBXFileReference; lastKnownFileType = image.png; path = "Default-Portrait~ipad.png"; sourceTree = "<group>"; };
		3088BBBB154F3926009F9C59 /* Default@2x~iphone.png */ = {isa = PBXFileReference; lastKnownFileType = image.png; path = "Default@2x~iphone.png"; sourceTree = "<group>"; };
		3088BBBC154F3926009F9C59 /* Default~iphone.png */ = {isa = PBXFileReference; lastKnownFileType = image.png; path = "Default~iphone.png"; sourceTree = "<group>"; };
		30B4F2FD19D5E07200D9F7D8 /* Default-667h.png */ = {isa = PBXFileReference; lastKnownFileType = image.png; path = "Default-667h.png"; sourceTree = "<group>"; };
		30B4F2FE19D5E07200D9F7D8 /* Default-736h.png */ = {isa = PBXFileReference; lastKnownFileType = image.png; path = "Default-736h.png"; sourceTree = "<group>"; };
		30B4F2FF19D5E07200D9F7D8 /* Default-Landscape-736h.png */ = {isa = PBXFileReference; lastKnownFileType = image.png; path = "Default-Landscape-736h.png"; sourceTree = "<group>"; };
		329000B736274F2FA87F650B /* CDVStatusBar.m */ = {isa = PBXFileReference; fileEncoding = 4; lastKnownFileType = sourcecode.c.objc; name = CDVStatusBar.m; path = org.apache.cordova.statusbar/CDVStatusBar.m; sourceTree = "<group>"; };
		32CA4F630368D1EE00C91783 /* CTi Reviews-Prefix.pch */ = {isa = PBXFileReference; fileEncoding = 4; lastKnownFileType = sourcecode.c.h; path = "CTi Reviews-Prefix.pch"; sourceTree = "<group>"; };
		341C05E70CE64C55BEE4825D /* QuartzCore.framework */ = {isa = PBXFileReference; fileEncoding = 4; lastKnownFileType = wrapper.framework; name = QuartzCore.framework; path = System/Library/Frameworks/QuartzCore.framework; sourceTree = SDKROOT; };
		348005D1AEA24C6A97FFFF77 /* CDVExif.h */ = {isa = PBXFileReference; fileEncoding = 4; lastKnownFileType = sourcecode.c.h; name = CDVExif.h; path = org.apache.cordova.camera/CDVExif.h; sourceTree = "<group>"; };
		34FE4E7927CB4365B6F5CE97 /* CDVCamera.m */ = {isa = PBXFileReference; fileEncoding = 4; lastKnownFileType = sourcecode.c.objc; name = CDVCamera.m; path = org.apache.cordova.camera/CDVCamera.m; sourceTree = "<group>"; };
		36921375524F404CBC2D77AE /* CDVNotification.h */ = {isa = PBXFileReference; fileEncoding = 4; lastKnownFileType = sourcecode.c.h; name = CDVNotification.h; path = org.apache.cordova.dialogs/CDVNotification.h; sourceTree = "<group>"; };
		39932303DA5B47E79468CA5B /* CDVLogger.h */ = {isa = PBXFileReference; fileEncoding = 4; lastKnownFileType = sourcecode.c.h; name = CDVLogger.h; path = org.apache.cordova.console/CDVLogger.h; sourceTree = "<group>"; };
		3D0052EC411B44A390E55CDD /* CDVCamera.h */ = {isa = PBXFileReference; fileEncoding = 4; lastKnownFileType = sourcecode.c.h; name = CDVCamera.h; path = org.apache.cordova.camera/CDVCamera.h; sourceTree = "<group>"; };
		49B7E42D465E477AA00CEDBA /* CDVVibration.h */ = {isa = PBXFileReference; fileEncoding = 4; lastKnownFileType = sourcecode.c.h; name = CDVVibration.h; path = org.apache.cordova.vibration/CDVVibration.h; sourceTree = "<group>"; };
		5B1594DC16A7569C00FEF299 /* AssetsLibrary.framework */ = {isa = PBXFileReference; lastKnownFileType = wrapper.framework; name = AssetsLibrary.framework; path = System/Library/Frameworks/AssetsLibrary.framework; sourceTree = SDKROOT; };
		675CA3B63326472A8D4B65D4 /* AVFoundation.framework */ = {isa = PBXFileReference; fileEncoding = 4; lastKnownFileType = wrapper.framework; name = AVFoundation.framework; path = System/Library/Frameworks/AVFoundation.framework; sourceTree = SDKROOT; };
		787E18326CC344C3AD9EED4B /* zxing-all-in-one.cpp */ = {isa = PBXFileReference; fileEncoding = 4; lastKnownFileType = unknown; name = "zxing-all-in-one.cpp"; path = "com.phonegap.plugins.barcodescanner/zxing-all-in-one.cpp"; sourceTree = "<group>"; };
		7A7539EBC9994C53A49C3604 /* zxing-all-in-one.h */ = {isa = PBXFileReference; fileEncoding = 4; lastKnownFileType = sourcecode.c.h; name = "zxing-all-in-one.h"; path = "com.phonegap.plugins.barcodescanner/zxing-all-in-one.h"; sourceTree = "<group>"; };
		82CC02871A6D9FA20046D6CC /* Images.xcassets */ = {isa = PBXFileReference; lastKnownFileType = folder.assetcatalog; name = Images.xcassets; path = "CTi Reviews/Images.xcassets"; sourceTree = SOURCE_ROOT; };
		82CC028E1A6DAB960046D6CC /* LaunchScreen.xib */ = {isa = PBXFileReference; fileEncoding = 4; lastKnownFileType = file.xib; path = LaunchScreen.xib; sourceTree = "<group>"; };
		82CC02901A6DAC040046D6CC /* Icon-40@3x.png */ = {isa = PBXFileReference; lastKnownFileType = image.png; path = "Icon-40@3x.png"; sourceTree = "<group>"; };
		8342BFDE7A574CFDB5A4ACBD /* libiconv.dylib */ = {isa = PBXFileReference; fileEncoding = 4; lastKnownFileType = "compiled.mach-o.dylib"; name = libiconv.dylib; path = usr/lib/libiconv.dylib; sourceTree = SDKROOT; };
		8D1107310486CEB800E47090 /* CTi Reviews-Info.plist */ = {isa = PBXFileReference; fileEncoding = 4; lastKnownFileType = text.plist.xml; name = "CTi Reviews-Info.plist"; path = "../CTi Reviews-Info.plist"; plistStructureDefinitionIdentifier = "com.apple.xcode.plist.structure-definition.iphone.info-plist"; sourceTree = "<group>"; };
		ADA5D217096C4D429FF436F2 /* ImageIO.framework */ = {isa = PBXFileReference; fileEncoding = 4; lastKnownFileType = wrapper.framework; name = ImageIO.framework; path = System/Library/Frameworks/ImageIO.framework; sourceTree = SDKROOT; };
		B28898B0C0D34FDBB899AE8D /* CDVLogger.m */ = {isa = PBXFileReference; fileEncoding = 4; lastKnownFileType = sourcecode.c.objc; name = CDVLogger.m; path = org.apache.cordova.console/CDVLogger.m; sourceTree = "<group>"; };
		B41CF5A7EEEC4E8FA1A5E000 /* CDVNotification.m */ = {isa = PBXFileReference; fileEncoding = 4; lastKnownFileType = sourcecode.c.objc; name = CDVNotification.m; path = org.apache.cordova.dialogs/CDVNotification.m; sourceTree = "<group>"; };
		B43D6F8361B94D19A8AEB58A /* CDVBarcodeScanner.mm */ = {isa = PBXFileReference; fileEncoding = 4; lastKnownFileType = unknown; name = CDVBarcodeScanner.mm; path = com.phonegap.plugins.barcodescanner/CDVBarcodeScanner.mm; sourceTree = "<group>"; };
		C93799FF2540473086A3F711 /* CDVJpegHeaderWriter.m */ = {isa = PBXFileReference; fileEncoding = 4; lastKnownFileType = sourcecode.c.objc; name = CDVJpegHeaderWriter.m; path = org.apache.cordova.camera/CDVJpegHeaderWriter.m; sourceTree = "<group>"; };
		D4A0D8751607E02300AEF8BB /* Default-568h@2x~iphone.png */ = {isa = PBXFileReference; lastKnownFileType = image.png; path = "Default-568h@2x~iphone.png"; sourceTree = "<group>"; };
		D8B45FB9FA4840BDBD3A544B /* CDVNotification.bundle */ = {isa = PBXFileReference; lastKnownFileType = "wrapper.plug-in"; path = CDVNotification.bundle; sourceTree = "<group>"; };
		DBBFD69072894F4E8760495A /* CDVVibration.m */ = {isa = PBXFileReference; fileEncoding = 4; lastKnownFileType = sourcecode.c.objc; name = CDVVibration.m; path = org.apache.cordova.vibration/CDVVibration.m; sourceTree = "<group>"; };
		EB87FDF21871DA7A0020F90C /* merges */ = {isa = PBXFileReference; lastKnownFileType = folder; name = merges; path = ../../merges; sourceTree = "<group>"; };
		EB87FDF31871DA8E0020F90C /* www */ = {isa = PBXFileReference; lastKnownFileType = folder; name = www; path = ../../www; sourceTree = "<group>"; };
		EB87FDF41871DAF40020F90C /* config.xml */ = {isa = PBXFileReference; lastKnownFileType = text.xml; name = config.xml; path = ../../config.xml; sourceTree = "<group>"; };
		EDBFF0B97F3442A7ABD25686 /* scannerOverlay.xib */ = {isa = PBXFileReference; fileEncoding = 4; lastKnownFileType = file.xib; path = scannerOverlay.xib; sourceTree = "<group>"; };
		F840E1F0165FE0F500CFE078 /* config.xml */ = {isa = PBXFileReference; lastKnownFileType = text.xml; name = config.xml; path = "CTi Reviews/config.xml"; sourceTree = "<group>"; };
/* End PBXFileReference section */

/* Begin PBXFrameworksBuildPhase section */
		1D60588F0D05DD3D006BFB54 /* Frameworks */ = {
			isa = PBXFrameworksBuildPhase;
			buildActionMask = 2147483647;
			files = (
				5B1594DD16A7569C00FEF299 /* AssetsLibrary.framework in Frameworks */,
				301BF552109A68D80062928A /* libCordova.a in Frameworks */,
				288765FD0DF74451002DB57D /* CoreGraphics.framework in Frameworks */,
				305D5FD1115AB8F900A74A75 /* MobileCoreServices.framework in Frameworks */,
				5F59D3FCDAD74BCC9B640072 /* libiconv.dylib in Frameworks */,
				6283F5039C914A138C498098 /* AVFoundation.framework in Frameworks */,
				58A7F49F6FB1447C82302457 /* CoreVideo.framework in Frameworks */,
				9B471201502F45A89E00D2A2 /* QuartzCore.framework in Frameworks */,
				EECD2195847345A5B4300F0F /* ImageIO.framework in Frameworks */,
				8520C4A03B7D4105B5650D04 /* CoreLocation.framework in Frameworks */,
				E138DBC350414221A35D9A91 /* AudioToolbox.framework in Frameworks */,
			);
			runOnlyForDeploymentPostprocessing = 0;
		};
/* End PBXFrameworksBuildPhase section */

/* Begin PBXGroup section */
		080E96DDFE201D6D7F000001 /* Classes */ = {
			isa = PBXGroup;
			children = (
				302D95EE14D2391D003F00A1 /* MainViewController.h */,
				302D95EF14D2391D003F00A1 /* MainViewController.m */,
				302D95F014D2391D003F00A1 /* MainViewController.xib */,
				1D3623240D0F684500981E51 /* AppDelegate.h */,
				1D3623250D0F684500981E51 /* AppDelegate.m */,
				82CC028E1A6DAB960046D6CC /* LaunchScreen.xib */,
			);
			name = Classes;
			path = "CTi Reviews/Classes";
			sourceTree = SOURCE_ROOT;
		};
		19C28FACFE9D520D11CA2CBB /* Products */ = {
			isa = PBXGroup;
			children = (
				1D6058910D05DD3D006BFB54 /* CTi Reviews.app */,
			);
			name = Products;
			sourceTree = "<group>";
		};
		29B97314FDCFA39411CA2CEA /* CustomTemplate */ = {
			isa = PBXGroup;
			children = (
				EB87FDF41871DAF40020F90C /* config.xml */,
				EB87FDF31871DA8E0020F90C /* www */,
				EB87FDF21871DA7A0020F90C /* merges */,
				EB87FDF11871DA420020F90C /* Staging */,
				301BF52D109A57CC0062928A /* CordovaLib.xcodeproj */,
				080E96DDFE201D6D7F000001 /* Classes */,
				307C750510C5A3420062BCA9 /* Plugins */,
				29B97315FDCFA39411CA2CEA /* Other Sources */,
				29B97317FDCFA39411CA2CEA /* Resources */,
				29B97323FDCFA39411CA2CEA /* Frameworks */,
				19C28FACFE9D520D11CA2CBB /* Products */,
			);
			name = CustomTemplate;
			sourceTree = "<group>";
		};
		29B97315FDCFA39411CA2CEA /* Other Sources */ = {
			isa = PBXGroup;
			children = (
				32CA4F630368D1EE00C91783 /* CTi Reviews-Prefix.pch */,
				29B97316FDCFA39411CA2CEA /* main.m */,
			);
			name = "Other Sources";
			path = "CTi Reviews";
			sourceTree = "<group>";
		};
		29B97317FDCFA39411CA2CEA /* Resources */ = {
			isa = PBXGroup;
			children = (
				82CC02871A6D9FA20046D6CC /* Images.xcassets */,
				308D052D1370CCF300D202BF /* icons */,
				308D05311370CCF300D202BF /* splash */,
				8D1107310486CEB800E47090 /* CTi Reviews-Info.plist */,
				EDBFF0B97F3442A7ABD25686 /* scannerOverlay.xib */,
				D8B45FB9FA4840BDBD3A544B /* CDVNotification.bundle */,
			);
			name = Resources;
			path = "CTi Reviews/Resources";
			sourceTree = "<group>";
		};
		29B97323FDCFA39411CA2CEA /* Frameworks */ = {
			isa = PBXGroup;
			children = (
				5B1594DC16A7569C00FEF299 /* AssetsLibrary.framework */,
				288765FC0DF74451002DB57D /* CoreGraphics.framework */,
				305D5FD0115AB8F900A74A75 /* MobileCoreServices.framework */,
				8342BFDE7A574CFDB5A4ACBD /* libiconv.dylib */,
				675CA3B63326472A8D4B65D4 /* AVFoundation.framework */,
				23C515FF21D242B9BCBD5E12 /* CoreVideo.framework */,
				341C05E70CE64C55BEE4825D /* QuartzCore.framework */,
				ADA5D217096C4D429FF436F2 /* ImageIO.framework */,
				04172DF1C1314E4FAF5926CB /* CoreLocation.framework */,
				19924E07296E46DB96769A9C /* AudioToolbox.framework */,
			);
			name = Frameworks;
			sourceTree = "<group>";
		};
		301BF52E109A57CC0062928A /* Products */ = {
			isa = PBXGroup;
			children = (
				301BF535109A57CC0062928A /* libCordova.a */,
			);
			name = Products;
			sourceTree = "<group>";
		};
		307C750510C5A3420062BCA9 /* Plugins */ = {
			isa = PBXGroup;
			children = (
				B43D6F8361B94D19A8AEB58A /* CDVBarcodeScanner.mm */,
				787E18326CC344C3AD9EED4B /* zxing-all-in-one.cpp */,
				7A7539EBC9994C53A49C3604 /* zxing-all-in-one.h */,
				B28898B0C0D34FDBB899AE8D /* CDVLogger.m */,
				39932303DA5B47E79468CA5B /* CDVLogger.h */,
				34FE4E7927CB4365B6F5CE97 /* CDVCamera.m */,
				C93799FF2540473086A3F711 /* CDVJpegHeaderWriter.m */,
				3D0052EC411B44A390E55CDD /* CDVCamera.h */,
				17A62D8D09154405B63D6F41 /* CDVJpegHeaderWriter.h */,
				348005D1AEA24C6A97FFFF77 /* CDVExif.h */,
				B41CF5A7EEEC4E8FA1A5E000 /* CDVNotification.m */,
				36921375524F404CBC2D77AE /* CDVNotification.h */,
				DBBFD69072894F4E8760495A /* CDVVibration.m */,
				49B7E42D465E477AA00CEDBA /* CDVVibration.h */,
				329000B736274F2FA87F650B /* CDVStatusBar.m */,
				0C1C4A1F80C048C5B49528C7 /* CDVStatusBar.h */,
			);
			name = Plugins;
			path = "CTi Reviews/Plugins";
			sourceTree = SOURCE_ROOT;
		};
		308D052D1370CCF300D202BF /* icons */ = {
			isa = PBXGroup;
			children = (
				82CC02901A6DAC040046D6CC /* Icon-40@3x.png */,
			);
			path = icons;
			sourceTree = "<group>";
		};
		308D05311370CCF300D202BF /* splash */ = {
			isa = PBXGroup;
			children = (
				30B4F2FD19D5E07200D9F7D8 /* Default-667h.png */,
				30B4F2FE19D5E07200D9F7D8 /* Default-736h.png */,
				30B4F2FF19D5E07200D9F7D8 /* Default-Landscape-736h.png */,
				D4A0D8751607E02300AEF8BB /* Default-568h@2x~iphone.png */,
				3088BBB7154F3926009F9C59 /* Default-Landscape@2x~ipad.png */,
				3088BBB8154F3926009F9C59 /* Default-Landscape~ipad.png */,
				3088BBB9154F3926009F9C59 /* Default-Portrait@2x~ipad.png */,
				3088BBBA154F3926009F9C59 /* Default-Portrait~ipad.png */,
				3088BBBB154F3926009F9C59 /* Default@2x~iphone.png */,
				3088BBBC154F3926009F9C59 /* Default~iphone.png */,
			);
			path = splash;
			sourceTree = "<group>";
		};
		EB87FDF11871DA420020F90C /* Staging */ = {
			isa = PBXGroup;
			children = (
				F840E1F0165FE0F500CFE078 /* config.xml */,
				301BF56E109A69640062928A /* www */,
			);
			name = Staging;
			sourceTree = "<group>";
		};
/* End PBXGroup section */

/* Begin PBXNativeTarget section */
		1D6058900D05DD3D006BFB54 /* CTi Reviews */ = {
			isa = PBXNativeTarget;
			buildConfigurationList = 1D6058960D05DD3E006BFB54 /* Build configuration list for PBXNativeTarget "CTi Reviews" */;
			buildPhases = (
				304B58A110DAC018002A0835 /* Copy www directory */,
				1D60588D0D05DD3D006BFB54 /* Resources */,
				1D60588E0D05DD3D006BFB54 /* Sources */,
				1D60588F0D05DD3D006BFB54 /* Frameworks */,
			);
			buildRules = (
			);
			dependencies = (
				301BF551109A68C00062928A /* PBXTargetDependency */,
			);
			name = "CTi Reviews";
			productName = "CTi Reviews";
			productReference = 1D6058910D05DD3D006BFB54 /* CTi Reviews.app */;
			productType = "com.apple.product-type.application";
		};
/* End PBXNativeTarget section */

/* Begin PBXProject section */
		29B97313FDCFA39411CA2CEA /* Project object */ = {
			isa = PBXProject;
			attributes = {
				LastUpgradeCheck = 510;
				TargetAttributes = {
					1D6058900D05DD3D006BFB54 = {
						DevelopmentTeam = ZA5U4HA648;
					};
				};
			};
			buildConfigurationList = C01FCF4E08A954540054247B /* Build configuration list for PBXProject "CTi Reviews" */;
			compatibilityVersion = "Xcode 3.2";
			developmentRegion = English;
			hasScannedForEncodings = 1;
			knownRegions = (
				English,
				Japanese,
				French,
				German,
				en,
				es,
				de,
				se,
			);
			mainGroup = 29B97314FDCFA39411CA2CEA /* CustomTemplate */;
			projectDirPath = "";
			projectReferences = (
				{
					ProductGroup = 301BF52E109A57CC0062928A /* Products */;
					ProjectRef = 301BF52D109A57CC0062928A /* CordovaLib.xcodeproj */;
				},
			);
			projectRoot = "";
			targets = (
				1D6058900D05DD3D006BFB54 /* CTi Reviews */,
			);
		};
/* End PBXProject section */

/* Begin PBXReferenceProxy section */
		301BF535109A57CC0062928A /* libCordova.a */ = {
			isa = PBXReferenceProxy;
			fileType = archive.ar;
			path = libCordova.a;
			remoteRef = 301BF534109A57CC0062928A /* PBXContainerItemProxy */;
			sourceTree = BUILT_PRODUCTS_DIR;
		};
/* End PBXReferenceProxy section */

/* Begin PBXResourcesBuildPhase section */
		1D60588D0D05DD3D006BFB54 /* Resources */ = {
			isa = PBXResourcesBuildPhase;
			buildActionMask = 2147483647;
			files = (
				30B4F30119D5E07200D9F7D8 /* Default-736h.png in Resources */,
				302D95F214D2391D003F00A1 /* MainViewController.xib in Resources */,
				82CC028F1A6DAB960046D6CC /* LaunchScreen.xib in Resources */,
				3088BBBD154F3926009F9C59 /* Default-Landscape@2x~ipad.png in Resources */,
				3088BBBE154F3926009F9C59 /* Default-Landscape~ipad.png in Resources */,
				3088BBBF154F3926009F9C59 /* Default-Portrait@2x~ipad.png in Resources */,
				82CC02911A6DAC040046D6CC /* Icon-40@3x.png in Resources */,
				3088BBC0154F3926009F9C59 /* Default-Portrait~ipad.png in Resources */,
				30B4F30019D5E07200D9F7D8 /* Default-667h.png in Resources */,
				3088BBC1154F3926009F9C59 /* Default@2x~iphone.png in Resources */,
				3088BBC2154F3926009F9C59 /* Default~iphone.png in Resources */,
				D4A0D8761607E02300AEF8BB /* Default-568h@2x~iphone.png in Resources */,
				30B4F30219D5E07200D9F7D8 /* Default-Landscape-736h.png in Resources */,
				82CC02881A6D9FA20046D6CC /* Images.xcassets in Resources */,
				9ABC3F69B56E42A29DF52CA3 /* scannerOverlay.xib in Resources */,
				2D4672C893364EB49F240F26 /* CDVNotification.bundle in Resources */,
			);
			runOnlyForDeploymentPostprocessing = 0;
		};
/* End PBXResourcesBuildPhase section */

/* Begin PBXShellScriptBuildPhase section */
		304B58A110DAC018002A0835 /* Copy www directory */ = {
			isa = PBXShellScriptBuildPhase;
			buildActionMask = 2147483647;
			files = (
			);
			inputPaths = (
			);
			name = "Copy www directory";
			outputPaths = (
			);
			runOnlyForDeploymentPostprocessing = 0;
			shellPath = /bin/sh;
			shellScript = "cordova/lib/copy-www-build-step.sh";
			showEnvVarsInLog = 0;
		};
/* End PBXShellScriptBuildPhase section */

/* Begin PBXSourcesBuildPhase section */
		1D60588E0D05DD3D006BFB54 /* Sources */ = {
			isa = PBXSourcesBuildPhase;
			buildActionMask = 2147483647;
			files = (
				1D60589B0D05DD56006BFB54 /* main.m in Sources */,
				1D3623260D0F684500981E51 /* AppDelegate.m in Sources */,
				302D95F114D2391D003F00A1 /* MainViewController.m in Sources */,
				6E3237E8E7F54C10913FE4F5 /* CDVBarcodeScanner.mm in Sources */,
				D38E71991EF24E97B575870B /* zxing-all-in-one.cpp in Sources */,
				03BFB3FF65A34365B949A3B4 /* CDVLogger.m in Sources */,
				F29256CBC60A47C4A0B0ADAA /* CDVCamera.m in Sources */,
				E049B9EE32BC448D8A3A14D8 /* CDVJpegHeaderWriter.m in Sources */,
				CC45738B62744AA29329AC3E /* CDVNotification.m in Sources */,
				2ED8ABE1686C4AA08D618355 /* CDVVibration.m in Sources */,
				B6E999349FEE440CBF63CCA5 /* CDVStatusBar.m in Sources */,
			);
			runOnlyForDeploymentPostprocessing = 0;
		};
/* End PBXSourcesBuildPhase section */

/* Begin PBXTargetDependency section */
		301BF551109A68C00062928A /* PBXTargetDependency */ = {
			isa = PBXTargetDependency;
			name = CordovaLib;
			targetProxy = 301BF550109A68C00062928A /* PBXContainerItemProxy */;
		};
/* End PBXTargetDependency section */

/* Begin XCBuildConfiguration section */
		1D6058940D05DD3E006BFB54 /* Debug */ = {
			isa = XCBuildConfiguration;
			buildSettings = {
				ALWAYS_SEARCH_USER_PATHS = NO;
				ASSETCATALOG_COMPILER_APPICON_NAME = AppIcon;
				CLANG_ENABLE_OBJC_ARC = YES;
				CODE_SIGN_IDENTITY = "iPhone Developer";
				"CODE_SIGN_IDENTITY[sdk=iphoneos*]" = "iPhone Developer";
				COPY_PHASE_STRIP = NO;
				GCC_DYNAMIC_NO_PIC = NO;
				GCC_OPTIMIZATION_LEVEL = 0;
				GCC_PRECOMPILE_PREFIX_HEADER = YES;
				GCC_PREFIX_HEADER = "CTi Reviews/CTi Reviews-Prefix.pch";
				GCC_THUMB_SUPPORT = NO;
				GCC_VERSION = "";
				INFOPLIST_FILE = "CTi Reviews/CTi Reviews-Info.plist";
				IPHONEOS_DEPLOYMENT_TARGET = 7.0;
				OTHER_LDFLAGS = (
					"-weak_framework",
					CoreFoundation,
					"-weak_framework",
					UIKit,
					"-weak_framework",
					AVFoundation,
					"-weak_framework",
					CoreMedia,
					"-weak-lSystem",
					"-ObjC",
				);
				PRODUCT_NAME = "CTi Reviews";
				PROVISIONING_PROFILE = "";
				TARGETED_DEVICE_FAMILY = "1,2";
			};
			name = Debug;
		};
		1D6058950D05DD3E006BFB54 /* Release */ = {
			isa = XCBuildConfiguration;
			buildSettings = {
				ALWAYS_SEARCH_USER_PATHS = NO;
				ASSETCATALOG_COMPILER_APPICON_NAME = AppIcon;
				CLANG_ENABLE_OBJC_ARC = YES;
				CODE_SIGN_IDENTITY = "iPhone Developer";
				"CODE_SIGN_IDENTITY[sdk=iphoneos*]" = "iPhone Developer";
				COPY_PHASE_STRIP = YES;
				GCC_PRECOMPILE_PREFIX_HEADER = YES;
				GCC_PREFIX_HEADER = "CTi Reviews/CTi Reviews-Prefix.pch";
				GCC_THUMB_SUPPORT = NO;
				GCC_VERSION = "";
				INFOPLIST_FILE = "CTi Reviews/CTi Reviews-Info.plist";
				IPHONEOS_DEPLOYMENT_TARGET = 7.0;
				OTHER_LDFLAGS = (
					"-weak_framework",
					CoreFoundation,
					"-weak_framework",
					UIKit,
					"-weak_framework",
					AVFoundation,
					"-weak_framework",
					CoreMedia,
					"-weak-lSystem",
					"-ObjC",
				);
				PRODUCT_NAME = "CTi Reviews";
				PROVISIONING_PROFILE = "";
				TARGETED_DEVICE_FAMILY = "1,2";
			};
			name = Release;
		};
		C01FCF4F08A954540054247B /* Debug */ = {
			isa = XCBuildConfiguration;
			buildSettings = {
				CLANG_ENABLE_OBJC_ARC = YES;
				CLANG_WARN_BOOL_CONVERSION = YES;
				CLANG_WARN_CONSTANT_CONVERSION = YES;
				CLANG_WARN_EMPTY_BODY = YES;
				CLANG_WARN_ENUM_CONVERSION = YES;
				CLANG_WARN_INT_CONVERSION = YES;
				CLANG_WARN__DUPLICATE_METHOD_MATCH = YES;
				"CODE_SIGN_IDENTITY[sdk=iphoneos*]" = "iPhone Developer";
				GCC_C_LANGUAGE_STANDARD = c99;
				GCC_THUMB_SUPPORT = NO;
				GCC_VERSION = "";
				GCC_WARN_ABOUT_RETURN_TYPE = YES;
				GCC_WARN_UNDECLARED_SELECTOR = YES;
				GCC_WARN_UNINITIALIZED_AUTOS = YES;
				GCC_WARN_UNUSED_FUNCTION = YES;
				GCC_WARN_UNUSED_VARIABLE = YES;
				HEADER_SEARCH_PATHS = (
					"\"$(TARGET_BUILD_DIR)/usr/local/lib/include\"",
					"\"$(OBJROOT)/UninstalledProducts/include\"",
					"\"$(BUILT_PRODUCTS_DIR)\"",
				);
				IPHONEOS_DEPLOYMENT_TARGET = 6.0;
				ONLY_ACTIVE_ARCH = YES;
				OTHER_LDFLAGS = (
					"-weak_framework",
					CoreFoundation,
					"-weak_framework",
					UIKit,
					"-weak_framework",
					AVFoundation,
					"-weak_framework",
					CoreMedia,
					"-weak-lSystem",
					"-ObjC",
				);
				SDKROOT = iphoneos;
				SKIP_INSTALL = NO;
				USER_HEADER_SEARCH_PATHS = "";
			};
			name = Debug;
		};
		C01FCF5008A954540054247B /* Release */ = {
			isa = XCBuildConfiguration;
			buildSettings = {
				CLANG_ENABLE_OBJC_ARC = YES;
				CLANG_WARN_BOOL_CONVERSION = YES;
				CLANG_WARN_CONSTANT_CONVERSION = YES;
				CLANG_WARN_EMPTY_BODY = YES;
				CLANG_WARN_ENUM_CONVERSION = YES;
				CLANG_WARN_INT_CONVERSION = YES;
				CLANG_WARN__DUPLICATE_METHOD_MATCH = YES;
				"CODE_SIGN_IDENTITY[sdk=iphoneos*]" = "iPhone Developer";
				GCC_C_LANGUAGE_STANDARD = c99;
				GCC_THUMB_SUPPORT = NO;
				GCC_VERSION = "";
				GCC_WARN_ABOUT_RETURN_TYPE = YES;
				GCC_WARN_UNDECLARED_SELECTOR = YES;
				GCC_WARN_UNINITIALIZED_AUTOS = YES;
				GCC_WARN_UNUSED_FUNCTION = YES;
				GCC_WARN_UNUSED_VARIABLE = YES;
				HEADER_SEARCH_PATHS = (
					"\"$(TARGET_BUILD_DIR)/usr/local/lib/include\"",
					"\"$(OBJROOT)/UninstalledProducts/include\"",
					"\"$(BUILT_PRODUCTS_DIR)\"",
				);
				IPHONEOS_DEPLOYMENT_TARGET = 6.0;
				OTHER_LDFLAGS = (
					"-weak_framework",
					CoreFoundation,
					"-weak_framework",
					UIKit,
					"-weak_framework",
					AVFoundation,
					"-weak_framework",
					CoreMedia,
					"-weak-lSystem",
					"-ObjC",
				);
				SDKROOT = iphoneos;
				SKIP_INSTALL = NO;
				USER_HEADER_SEARCH_PATHS = "";
			};
			name = Release;
		};
/* End XCBuildConfiguration section */

/* Begin XCConfigurationList section */
		1D6058960D05DD3E006BFB54 /* Build configuration list for PBXNativeTarget "CTi Reviews" */ = {
			isa = XCConfigurationList;
			buildConfigurations = (
				1D6058940D05DD3E006BFB54 /* Debug */,
				1D6058950D05DD3E006BFB54 /* Release */,
			);
			defaultConfigurationIsVisible = 0;
			defaultConfigurationName = Release;
		};
		C01FCF4E08A954540054247B /* Build configuration list for PBXProject "CTi Reviews" */ = {
			isa = XCConfigurationList;
			buildConfigurations = (
				C01FCF4F08A954540054247B /* Debug */,
				C01FCF5008A954540054247B /* Release */,
			);
			defaultConfigurationIsVisible = 0;
			defaultConfigurationName = Release;
		};
/* End XCConfigurationList section */
	};
	rootObject = 29B97313FDCFA39411CA2CEA /* Project object */;
}
